{
  "name": "mapping-phone-number",
  "version": "1.0.0",
  "lockfileVersion": 2,
  "requires": true,
  "packages": {
    "": {
      "name": "mapping-phone-number",
      "version": "1.0.0",
      "license": "ISC",
      "dependencies": {
        "libphonenumber-js": "^1.10.26"
      }
    },
    "node_modules/libphonenumber-js": {
      "version": "1.10.26",
      "resolved": "https://registry.npmjs.org/libphonenumber-js/-/libphonenumber-js-1.10.26.tgz",
      "integrity": "sha512-oB3l4J5gEhMV+ymmlIjWedsbCpsNRqbEZ/E/MpN2QVyinKNra6DcuXywxSk/72M3DZDoH/6kzurOq1erznBMwQ=="
    }
  },
  "dependencies": {
    "libphonenumber-js": {
      "version": "1.10.26",
      "resolved": "https://registry.npmjs.org/libphonenumber-js/-/libphonenumber-js-1.10.26.tgz",
      "integrity": "sha512-oB3l4J5gEhMV+ymmlIjWedsbCpsNRqbEZ/E/MpN2QVyinKNra6DcuXywxSk/72M3DZDoH/6kzurOq1erznBMwQ=="
    }
  }
}
